
Microsoft Visual Studio Solution File, Format Version 12.00
# Visual Studio 15
VisualStudioVersion = 15.0.27130.2010
MinimumVisualStudioVersion = 10.0.40219.1
Project("{6EC3EE1D-3C4E-46DD-8F32-0CC8E7565705}") = "SmartTV", "SmartTV\SmartTV.fsproj", "{65222956-59B0-4E26-A684-E3BF885DD626}"
EndProject
Global
	GlobalSection(SolutionConfigurationPlatforms) = preSolution
		Debug|Any CPU = Debug|Any CPU
		Release|Any CPU = Release|Any CPU
	EndGlobalSection
	GlobalSection(ProjectConfigurationPlatforms) = postSolution
		{65222956-59B0-4E26-A684-E3BF885DD626}.Debug|Any CPU.ActiveCfg = Debug|Any CPU
		{65222956-59B0-4E26-A684-E3BF885DD626}.Debug|Any CPU.Build.0 = Debug|Any CPU
		{65222956-59B0-4E26-A684-E3BF885DD626}.Release|Any CPU.ActiveCfg = Release|Any CPU
		{65222956-59B0-4E26-A684-E3BF885DD626}.Release|Any CPU.Build.0 = Release|Any CPU
	EndGlobalSection
	GlobalSection(SolutionProperties) = preSolution
		HideSolutionNode = FALSE
	EndGlobalSection
	GlobalSection(ExtensibilityGlobals) = postSolution
		SolutionGuid = {32417B73-BB8E-4C81-B9DF-EF7ED88ED2FF}
	EndGlobalSection
EndGlobal
